{
  "name": "workgraph",
  "version": "1.0.0",
  "lockfileVersion": 2,
  "requires": true,
  "packages": {
    "": {
      "name": "workgraph",
      "version": "1.0.0",
      "license": "MIT",
      "dependencies": {
        "mmd": "github:snvmk/mmd.js"
      }
    },
    "node_modules/mmd": {
      "version": "1.0.0",
      "resolved": "git+ssh://git@github.com/snvmk/mmd.js.git#f813109506149f1e914eec9ee6812dbe64822658",
      "license": "MIT"
    }
  },
  "dependencies": {
    "mmd": {
      "version": "git+ssh://git@github.com/snvmk/mmd.js.git#f813109506149f1e914eec9ee6812dbe64822658",
      "from": "mmd@github:snvmk/mmd.js"
    }
  }
}
